{
  "name": "presentations",
  "version": "1.0.0",
  "lockfileVersion": 1,
  "requires": true,
  "dependencies": {
    "argparse": {
      "version": "0.1.16",
      "resolved": "https://registry.npmjs.org/argparse/-/argparse-0.1.16.tgz",
      "integrity": "sha1-z9AeD7uj1srtBJ+9dY1A9lGW9Xw=",
      "requires": {
        "underscore": "1.7.0",
        "underscore.string": "2.4.0"
      }
    },
    "body-parser": {
      "version": "1.14.2",
      "resolved": "https://registry.npmjs.org/body-parser/-/body-parser-1.14.2.tgz",
      "integrity": "sha1-EBXLH+LEQ4WCWVgdtTMy+NDPUPk=",
      "requires": {
        "bytes": "2.2.0",
        "content-type": "1.0.4",
        "debug": "2.2.0",
        "depd": "1.1.1",
        "http-errors": "1.3.1",
        "iconv-lite": "0.4.13",
        "on-finished": "2.3.0",
        "qs": "5.2.0",
        "raw-body": "2.1.7",
        "type-is": "1.6.15"
      },
      "dependencies": {
        "debug": {
          "version": "2.2.0",
          "resolved": "https://registry.npmjs.org/debug/-/debug-2.2.0.tgz",
          "integrity": "sha1-+HBX6ZWxofauaklgZkE3vFbwOdo=",
          "requires": {
            "ms": "0.7.1"
          }
        },
        "ms": {
          "version": "0.7.1",
          "resolved": "https://registry.npmjs.org/ms/-/ms-0.7.1.tgz",
          "integrity": "sha1-nNE8A62/8ltl7/3nzoZO6VIBcJg="
        },
        "qs": {
          "version": "5.2.0",
          "resolved": "https://registry.npmjs.org/qs/-/qs-5.2.0.tgz",
          "integrity": "sha1-qfMRQq9GjLcrJbMBNrokVoNJFr4="
        }
      }
    },
    "bytes": {
      "version": "2.2.0",
      "resolved": "https://registry.npmjs.org/bytes/-/bytes-2.2.0.tgz",
      "integrity": "sha1-/TVGSkA/b5EXwt42Cez/nK4ABYg="
    },
    "cleaver": {
      "version": "0.8.5",
      "resolved": "https://registry.npmjs.org/cleaver/-/cleaver-0.8.5.tgz",
      "integrity": "sha1-BPHUKsZOt/zIXfc1x9wdZkL+J8E=",
      "requires": {
        "commander": "2.1.0",
        "debug": "2.6.9",
        "highlight.js": "9.0.0",
        "js-yaml": "2.1.0",
        "marked": "0.2.10",
        "mustache": "0.7.0",
        "q": "0.9.6",
        "tiny-lr": "0.2.1"
      },
      "dependencies": {
        "highlight.js": {
          "version": "9.0.0",
          "resolved": "https://registry.npmjs.org/highlight.js/-/highlight.js-9.0.0.tgz",
          "integrity": "sha1-9fjVZMl6s3SgRvVZgHeuat3b5iA="
        }
      }
    },
    "clipboard": {
      "version": "1.7.1",
      "resolved": "https://registry.npmjs.org/clipboard/-/clipboard-1.7.1.tgz",
      "integrity": "sha1-Ng1taUbpmnof7zleQrqStem1oWs=",
      "optional": true,
      "requires": {
        "good-listener": "1.2.2",
        "select": "1.1.2",
        "tiny-emitter": "2.0.2"
      }
    },
    "commander": {
      "version": "2.1.0",
      "resolved": "https://registry.npmjs.org/commander/-/commander-2.1.0.tgz",
      "integrity": "sha1-0SG7roYNmZKj1Re6lvVliOR8Z4E="
    },
    "content-type": {
      "version": "1.0.4",
      "resolved": "https://registry.npmjs.org/content-type/-/content-type-1.0.4.tgz",
      "integrity": "sha512-hIP3EEPs8tB9AT1L+NUqtwOAps4mk2Zob89MWXMHjHWg9milF/j4osnnQLXBCBFBk/tvIG/tUc9mOUJiPBhPXA=="
    },
    "debug": {
      "version": "2.6.9",
      "resolved": "https://registry.npmjs.org/debug/-/debug-2.6.9.tgz",
      "integrity": "sha512-bC7ElrdJaJnPbAP+1EotYvqZsb3ecl5wi6Bfi6BJTUcNowp6cvspg0jXznRTKDjm/E7AdgFBVeAPVMNcKGsHMA==",
      "requires": {
        "ms": "2.0.0"
      }
    },
    "delegate": {
      "version": "3.1.3",
      "resolved": "https://registry.npmjs.org/delegate/-/delegate-3.1.3.tgz",
      "integrity": "sha1-moJRp3fXAl+qVXN7w7BxdCEnqf0=",
      "optional": true
    },
    "depd": {
      "version": "1.1.1",
      "resolved": "https://registry.npmjs.org/depd/-/depd-1.1.1.tgz",
      "integrity": "sha1-V4O04cRZ8G+lyif5kfPQbnoxA1k="
    },
    "ee-first": {
      "version": "1.1.1",
      "resolved": "https://registry.npmjs.org/ee-first/-/ee-first-1.1.1.tgz",
      "integrity": "sha1-WQxhFWsK4vTwJVcyoViyZrxWsh0="
    },
    "esprima": {
      "version": "1.0.4",
      "resolved": "https://registry.npmjs.org/esprima/-/esprima-1.0.4.tgz",
      "integrity": "sha1-n1V+CPw7TSbs6d00+Pv0drYlha0="
    },
    "faye-websocket": {
      "version": "0.10.0",
      "resolved": "https://registry.npmjs.org/faye-websocket/-/faye-websocket-0.10.0.tgz",
      "integrity": "sha1-TkkvjQTftviQA1B/btvy1QHnxvQ=",
      "requires": {
        "websocket-driver": "0.7.0"
      }
    },
    "good-listener": {
      "version": "1.2.2",
      "resolved": "https://registry.npmjs.org/good-listener/-/good-listener-1.2.2.tgz",
      "integrity": "sha1-1TswzfkxPf+33JoNR3CWqm0UXFA=",
      "optional": true,
      "requires": {
        "delegate": "3.1.3"
      }
    },
    "http-errors": {
      "version": "1.3.1",
      "resolved": "https://registry.npmjs.org/http-errors/-/http-errors-1.3.1.tgz",
      "integrity": "sha1-GX4izevUGYWF6GlO9nhhl7ke2UI=",
      "requires": {
        "inherits": "2.0.3",
        "statuses": "1.4.0"
      }
    },
    "http-parser-js": {
      "version": "0.4.9",
      "resolved": "https://registry.npmjs.org/http-parser-js/-/http-parser-js-0.4.9.tgz",
      "integrity": "sha1-6hoE+2St/wJC6ZdPKX3Uw8rSceE="
    },
    "iconv-lite": {
      "version": "0.4.13",
      "resolved": "https://registry.npmjs.org/iconv-lite/-/iconv-lite-0.4.13.tgz",
      "integrity": "sha1-H4irpKsLFQjoMSrMOTRfNumS4vI="
    },
    "inherits": {
      "version": "2.0.3",
      "resolved": "https://registry.npmjs.org/inherits/-/inherits-2.0.3.tgz",
      "integrity": "sha1-Yzwsg+PaQqUC9SRmAiSA9CCCYd4="
    },
    "js-yaml": {
      "version": "2.1.0",
      "resolved": "https://registry.npmjs.org/js-yaml/-/js-yaml-2.1.0.tgz",
      "integrity": "sha1-pVpuRwawHQYyYlmm9L/ELmrjix8=",
      "requires": {
        "argparse": "0.1.16",
        "esprima": "1.0.4"
      }
    },
    "livereload-js": {
      "version": "2.2.2",
      "resolved": "https://registry.npmjs.org/livereload-js/-/livereload-js-2.2.2.tgz",
      "integrity": "sha1-bIclfmSKtHW8JOoldFftzB+NC8I="
    },
    "marked": {
      "version": "0.2.10",
      "resolved": "https://registry.npmjs.org/marked/-/marked-0.2.10.tgz",
      "integrity": "sha1-1f1oJxyq5hxV0pHQe9UDTP9ec+4="
    },
    "media-typer": {
      "version": "0.3.0",
      "resolved": "https://registry.npmjs.org/media-typer/-/media-typer-0.3.0.tgz",
      "integrity": "sha1-hxDXrwqmJvj/+hzgAWhUUmMlV0g="
    },
    "mime-db": {
      "version": "1.30.0",
      "resolved": "https://registry.npmjs.org/mime-db/-/mime-db-1.30.0.tgz",
      "integrity": "sha1-dMZD2i3Z1qRTmZY0ZbJtXKfXHwE="
    },
    "mime-types": {
      "version": "2.1.17",
      "resolved": "https://registry.npmjs.org/mime-types/-/mime-types-2.1.17.tgz",
      "integrity": "sha1-Cdejk/A+mVp5+K+Fe3Cp4KsWVXo=",
      "requires": {
        "mime-db": "1.30.0"
      }
    },
    "ms": {
      "version": "2.0.0",
      "resolved": "https://registry.npmjs.org/ms/-/ms-2.0.0.tgz",
      "integrity": "sha1-VgiurfwAvmwpAd9fmGF4jeDVl8g="
    },
    "mustache": {
      "version": "0.7.0",
      "resolved": "https://registry.npmjs.org/mustache/-/mustache-0.7.0.tgz",
      "integrity": "sha1-/KdQ+z695jd/d0mMcc+f0jpQLuk="
    },
    "on-finished": {
      "version": "2.3.0",
      "resolved": "https://registry.npmjs.org/on-finished/-/on-finished-2.3.0.tgz",
      "integrity": "sha1-IPEzZIGwg811M3mSoWlxqi2QaUc=",
      "requires": {
        "ee-first": "1.1.1"
      }
    },
    "parseurl": {
      "version": "1.3.2",
      "resolved": "https://registry.npmjs.org/parseurl/-/parseurl-1.3.2.tgz",
      "integrity": "sha1-/CidTtiZMRlGDBViUyYs3I3mW/M="
    },
    "prismjs": {
      "version": "1.8.4",
      "resolved": "https://registry.npmjs.org/prismjs/-/prismjs-1.8.4.tgz",
      "integrity": "sha1-VzzHoUwsBlZuHsog2BP1rlXbgNI=",
      "requires": {
        "clipboard": "1.7.1"
      }
    },
    "q": {
      "version": "0.9.6",
      "resolved": "https://registry.npmjs.org/q/-/q-0.9.6.tgz",
      "integrity": "sha1-WISyFUvbO21XZeD6/dyxUG4TNhk="
    },
    "qs": {
      "version": "5.1.0",
      "resolved": "https://registry.npmjs.org/qs/-/qs-5.1.0.tgz",
      "integrity": "sha1-TZMuXH6kEcynajEtOaYGIA/VDNk="
    },
    "raw-body": {
      "version": "2.1.7",
      "resolved": "https://registry.npmjs.org/raw-body/-/raw-body-2.1.7.tgz",
      "integrity": "sha1-rf6s4uT7MJgFgBTQjActzFl1h3Q=",
      "requires": {
        "bytes": "2.4.0",
        "iconv-lite": "0.4.13",
        "unpipe": "1.0.0"
      },
      "dependencies": {
        "bytes": {
          "version": "2.4.0",
          "resolved": "https://registry.npmjs.org/bytes/-/bytes-2.4.0.tgz",
          "integrity": "sha1-fZcZb51br39pNeJZhVSe3SpsIzk="
        }
      }
    },
    "reveal-cleaver-theme": {
      "version": "1.0.0",
      "resolved": "https://registry.npmjs.org/reveal-cleaver-theme/-/reveal-cleaver-theme-1.0.0.tgz",
      "integrity": "sha512-3lTcW046thjjTMWFGTUc4p7t8w1K07T9Aq2F6MKl14fVgj1g4H9FUML/RpZpUVwip7XEvn9qzXZOX85SaAHKYQ==",
      "requires": {
        "prismjs": "1.8.4",
        "reveal.js": "3.6.0"
      }
    },
    "reveal.js": {
      "version": "3.6.0",
      "resolved": "https://registry.npmjs.org/reveal.js/-/reveal.js-3.6.0.tgz",
      "integrity": "sha512-ZhXBWoDiaNySAJgs3XqmkHTmjR3Dkkhyy89VY8PLzXBDwNhP7ZEGtBT1H3xJRCEGOD4ScLJBbU75PRiPLQgWgw=="
    },
    "select": {
      "version": "1.1.2",
      "resolved": "https://registry.npmjs.org/select/-/select-1.1.2.tgz",
      "integrity": "sha1-DnNQrN7ICxEIUoeG7B1EGNEbOW0=",
      "optional": true
    },
    "statuses": {
      "version": "1.4.0",
      "resolved": "https://registry.npmjs.org/statuses/-/statuses-1.4.0.tgz",
      "integrity": "sha512-zhSCtt8v2NDrRlPQpCNtw/heZLtfUDqxBM1udqikb/Hbk52LK4nQSwr10u77iopCW5LsyHpuXS0GnEc48mLeew=="
    },
    "tiny-emitter": {
      "version": "2.0.2",
      "resolved": "https://registry.npmjs.org/tiny-emitter/-/tiny-emitter-2.0.2.tgz",
      "integrity": "sha512-2NM0auVBGft5tee/OxP4PI3d8WItkDM+fPnaRAVo6xTDI2knbz9eC5ArWGqtGlYqiH3RU5yMpdyTTO7MguC4ow==",
      "optional": true
    },
    "tiny-lr": {
      "version": "0.2.1",
      "resolved": "https://registry.npmjs.org/tiny-lr/-/tiny-lr-0.2.1.tgz",
      "integrity": "sha1-s/26gC5dVqM8L28QeUsy5Hescp0=",
      "requires": {
        "body-parser": "1.14.2",
        "debug": "2.2.0",
        "faye-websocket": "0.10.0",
        "livereload-js": "2.2.2",
        "parseurl": "1.3.2",
        "qs": "5.1.0"
      },
      "dependencies": {
        "debug": {
          "version": "2.2.0",
          "resolved": "https://registry.npmjs.org/debug/-/debug-2.2.0.tgz",
          "integrity": "sha1-+HBX6ZWxofauaklgZkE3vFbwOdo=",
          "requires": {
            "ms": "0.7.1"
          }
        },
        "ms": {
          "version": "0.7.1",
          "resolved": "https://registry.npmjs.org/ms/-/ms-0.7.1.tgz",
          "integrity": "sha1-nNE8A62/8ltl7/3nzoZO6VIBcJg="
        }
      }
    },
    "type-is": {
      "version": "1.6.15",
      "resolved": "https://registry.npmjs.org/type-is/-/type-is-1.6.15.tgz",
      "integrity": "sha1-yrEPtJCeRByChC6v4a1kbIGARBA=",
      "requires": {
        "media-typer": "0.3.0",
        "mime-types": "2.1.17"
      }
    },
    "underscore": {
      "version": "1.7.0",
      "resolved": "https://registry.npmjs.org/underscore/-/underscore-1.7.0.tgz",
      "integrity": "sha1-a7rwh3UA02vjTsqlhODbn+8DUgk="
    },
    "underscore.string": {
      "version": "2.4.0",
      "resolved": "https://registry.npmjs.org/underscore.string/-/underscore.string-2.4.0.tgz",
      "integrity": "sha1-jN2PusTi0uoefi6Al8QvRCKA+Fs="
    },
    "unpipe": {
      "version": "1.0.0",
      "resolved": "https://registry.npmjs.org/unpipe/-/unpipe-1.0.0.tgz",
      "integrity": "sha1-sr9O6FFKrmFltIF4KdIbLvSZBOw="
    },
    "websocket-driver": {
      "version": "0.7.0",
      "resolved": "https://registry.npmjs.org/websocket-driver/-/websocket-driver-0.7.0.tgz",
      "integrity": "sha1-DK+dLXVdk67gSdS90NP+LMoqJOs=",
      "requires": {
        "http-parser-js": "0.4.9",
        "websocket-extensions": "0.1.3"
      }
    },
    "websocket-extensions": {
      "version": "0.1.3",
      "resolved": "https://registry.npmjs.org/websocket-extensions/-/websocket-extensions-0.1.3.tgz",
      "integrity": "sha512-nqHUnMXmBzT0w570r2JpJxfiSD1IzoI+HGVdd3aZ0yNi3ngvQ4jv1dtHt5VGxfI2yj5yqImPhOK4vmIh2xMbGg=="
    }
  }
}
